
Microsoft Visual Studio Solution File, Format Version 12.00
# Visual Studio Version 17
VisualStudioVersion = 17.7.34031.279
MinimumVisualStudioVersion = 10.0.40219.1
Project("{8BC9CEB8-8B4A-11D0-8D11-00A0C91BC942}") = "LemonFizzx", "LemonFizzx.vcxproj", "{4171774D-23DA-4E82-BE07-421BBA02C574}"
EndProject
Project("{8BC9CEB8-8B4A-11D0-8D11-00A0C91BC942}") = "CitrusCore", "..\..\..\CitrusCore\project\CitrusCore\CitrusCore.vcxproj", "{62394643-E10D-4E14-A6B2-0C3159FCCB13}"
EndProject
Global
	GlobalSection(SolutionConfigurationPlatforms) = preSolution
		Debug|x64 = Debug|x64
		Debug|x86 = Debug|x86
		Release|x64 = Release|x64
		Release|x86 = Release|x86
	EndGlobalSection
	GlobalSection(ProjectConfigurationPlatforms) = postSolution
		{4171774D-23DA-4E82-BE07-421BBA02C574}.Debug|x64.ActiveCfg = Debug|x64
		{4171774D-23DA-4E82-BE07-421BBA02C574}.Debug|x64.Build.0 = Debug|x64
		{4171774D-23DA-4E82-BE07-421BBA02C574}.Debug|x86.ActiveCfg = Debug|Win32
		{4171774D-23DA-4E82-BE07-421BBA02C574}.Debug|x86.Build.0 = Debug|Win32
		{4171774D-23DA-4E82-BE07-421BBA02C574}.Release|x64.ActiveCfg = Release|x64
		{4171774D-23DA-4E82-BE07-421BBA02C574}.Release|x64.Build.0 = Release|x64
		{4171774D-23DA-4E82-BE07-421BBA02C574}.Release|x86.ActiveCfg = Release|Win32
		{4171774D-23DA-4E82-BE07-421BBA02C574}.Release|x86.Build.0 = Release|Win32
		{62394643-E10D-4E14-A6B2-0C3159FCCB13}.Debug|x64.ActiveCfg = Debug|x64
		{62394643-E10D-4E14-A6B2-0C3159FCCB13}.Debug|x64.Build.0 = Debug|x64
		{62394643-E10D-4E14-A6B2-0C3159FCCB13}.Debug|x86.ActiveCfg = Debug|Win32
		{62394643-E10D-4E14-A6B2-0C3159FCCB13}.Debug|x86.Build.0 = Debug|Win32
		{62394643-E10D-4E14-A6B2-0C3159FCCB13}.Release|x64.ActiveCfg = Release|x64
		{62394643-E10D-4E14-A6B2-0C3159FCCB13}.Release|x64.Build.0 = Release|x64
		{62394643-E10D-4E14-A6B2-0C3159FCCB13}.Release|x86.ActiveCfg = Release|Win32
		{62394643-E10D-4E14-A6B2-0C3159FCCB13}.Release|x86.Build.0 = Release|Win32
	EndGlobalSection
	GlobalSection(SolutionProperties) = preSolution
		HideSolutionNode = FALSE
	EndGlobalSection
	GlobalSection(ExtensibilityGlobals) = postSolution
		SolutionGuid = {96F7CA53-F0CE-44A8-9118-C29C7FEA2E5E}
	EndGlobalSection
EndGlobal
